
Microsoft Visual Studio Solution File, Format Version 12.00
# Visual Studio Version 17
VisualStudioVersion = 17.12.35707.178 d17.12
MinimumVisualStudioVersion = 10.0.40219.1
Project("{FAE04EC0-301F-11D3-BF4B-00C04F79EFBC}") = "prjCalc", "prjCalc\prjCalc.csproj", "{BC5EE155-1CCC-419D-90C4-1D822E235652}"
EndProject
Project("{FAE04EC0-301F-11D3-BF4B-00C04F79EFBC}") = "Etec.Calculadora", "Etec.Calculadora\Etec.Calculadora.csproj", "{CABBD330-22DC-4355-89E1-6919BB188EDD}"
EndProject
Project("{FAE04EC0-301F-11D3-BF4B-00C04F79EFBC}") = "FormCalculadora", "FormCalculadora\FormCalculadora.csproj", "{10D2BAD0-06FE-4D38-A99C-67076A305329}"
EndProject
Global
	GlobalSection(SolutionConfigurationPlatforms) = preSolution
		Debug|Any CPU = Debug|Any CPU
		Release|Any CPU = Release|Any CPU
	EndGlobalSection
	GlobalSection(ProjectConfigurationPlatforms) = postSolution
		{BC5EE155-1CCC-419D-90C4-1D822E235652}.Debug|Any CPU.ActiveCfg = Debug|Any CPU
		{BC5EE155-1CCC-419D-90C4-1D822E235652}.Debug|Any CPU.Build.0 = Debug|Any CPU
		{BC5EE155-1CCC-419D-90C4-1D822E235652}.Release|Any CPU.ActiveCfg = Release|Any CPU
		{BC5EE155-1CCC-419D-90C4-1D822E235652}.Release|Any CPU.Build.0 = Release|Any CPU
		{CABBD330-22DC-4355-89E1-6919BB188EDD}.Debug|Any CPU.ActiveCfg = Debug|Any CPU
		{CABBD330-22DC-4355-89E1-6919BB188EDD}.Debug|Any CPU.Build.0 = Debug|Any CPU
		{CABBD330-22DC-4355-89E1-6919BB188EDD}.Release|Any CPU.ActiveCfg = Release|Any CPU
		{CABBD330-22DC-4355-89E1-6919BB188EDD}.Release|Any CPU.Build.0 = Release|Any CPU
		{10D2BAD0-06FE-4D38-A99C-67076A305329}.Debug|Any CPU.ActiveCfg = Debug|Any CPU
		{10D2BAD0-06FE-4D38-A99C-67076A305329}.Debug|Any CPU.Build.0 = Debug|Any CPU
		{10D2BAD0-06FE-4D38-A99C-67076A305329}.Release|Any CPU.ActiveCfg = Release|Any CPU
		{10D2BAD0-06FE-4D38-A99C-67076A305329}.Release|Any CPU.Build.0 = Release|Any CPU
	EndGlobalSection
	GlobalSection(SolutionProperties) = preSolution
		HideSolutionNode = FALSE
	EndGlobalSection
EndGlobal
